
Microsoft Visual Studio Solution File, Format Version 12.00
# Visual Studio Version 16
VisualStudioVersion = 16.0.29911.84
MinimumVisualStudioVersion = 10.0.40219.1
Project("{FAE04EC0-301F-11D3-BF4B-00C04F79EFBC}") = "EmployeeData", "EmployeeData\EmployeeData.csproj", "{CCC8824C-4AE8-48FB-A835-5FF34E544217}"
EndProject
Global
	GlobalSection(SolutionConfigurationPlatforms) = preSolution
		Debug|Any CPU = Debug|Any CPU
		Release|Any CPU = Release|Any CPU
	EndGlobalSection
	GlobalSection(ProjectConfigurationPlatforms) = postSolution
		{CCC8824C-4AE8-48FB-A835-5FF34E544217}.Debug|Any CPU.ActiveCfg = Debug|Any CPU
		{CCC8824C-4AE8-48FB-A835-5FF34E544217}.Debug|Any CPU.Build.0 = Debug|Any CPU
		{CCC8824C-4AE8-48FB-A835-5FF34E544217}.Release|Any CPU.ActiveCfg = Release|Any CPU
		{CCC8824C-4AE8-48FB-A835-5FF34E544217}.Release|Any CPU.Build.0 = Release|Any CPU
	EndGlobalSection
	GlobalSection(SolutionProperties) = preSolution
		HideSolutionNode = FALSE
	EndGlobalSection
	GlobalSection(ExtensibilityGlobals) = postSolution
		SolutionGuid = {6B4D3ABF-4153-427D-89B2-368010E741C6}
	EndGlobalSection
EndGlobal
